
Microsoft Visual Studio Solution File, Format Version 12.00
# Visual Studio 15
Project("{FAE04EC0-301F-11D3-BF4B-00C04F79EFBC}") = "FantaManager", "FantaManager\FantaManager.csproj", "{CEFCF0D0-F7A0-491B-A9A9-D15E1F8677F7}"
EndProject
Project("{FAE04EC0-301F-11D3-BF4B-00C04F79EFBC}") = "FantaManager.Droid", "Droid\FantaManager.Droid.csproj", "{6AA584CD-04FE-46F3-9533-97B179524F2E}"
EndProject
Project("{FAE04EC0-301F-11D3-BF4B-00C04F79EFBC}") = "FantaManager.iOS", "iOS\FantaManager.iOS.csproj", "{4D6F7B75-2F43-4BEA-9AB5-B4E57F016DE1}"
EndProject
Global
	GlobalSection(SolutionConfigurationPlatforms) = preSolution
		Debug|Any CPU = Debug|Any CPU
		Release|Any CPU = Release|Any CPU
		Debug|iPhoneSimulator = Debug|iPhoneSimulator
		Release|iPhone = Release|iPhone
		Release|iPhoneSimulator = Release|iPhoneSimulator
		Debug|iPhone = Debug|iPhone
	EndGlobalSection
	GlobalSection(ProjectConfigurationPlatforms) = postSolution
		{CEFCF0D0-F7A0-491B-A9A9-D15E1F8677F7}.Debug|Any CPU.ActiveCfg = Debug|Any CPU
		{CEFCF0D0-F7A0-491B-A9A9-D15E1F8677F7}.Debug|Any CPU.Build.0 = Debug|Any CPU
		{CEFCF0D0-F7A0-491B-A9A9-D15E1F8677F7}.Release|Any CPU.ActiveCfg = Release|Any CPU
		{CEFCF0D0-F7A0-491B-A9A9-D15E1F8677F7}.Release|Any CPU.Build.0 = Release|Any CPU
		{CEFCF0D0-F7A0-491B-A9A9-D15E1F8677F7}.Debug|iPhoneSimulator.ActiveCfg = Debug|Any CPU
		{CEFCF0D0-F7A0-491B-A9A9-D15E1F8677F7}.Debug|iPhoneSimulator.Build.0 = Debug|Any CPU
		{CEFCF0D0-F7A0-491B-A9A9-D15E1F8677F7}.Release|iPhone.ActiveCfg = Release|Any CPU
		{CEFCF0D0-F7A0-491B-A9A9-D15E1F8677F7}.Release|iPhone.Build.0 = Release|Any CPU
		{CEFCF0D0-F7A0-491B-A9A9-D15E1F8677F7}.Release|iPhoneSimulator.ActiveCfg = Release|Any CPU
		{CEFCF0D0-F7A0-491B-A9A9-D15E1F8677F7}.Release|iPhoneSimulator.Build.0 = Release|Any CPU
		{CEFCF0D0-F7A0-491B-A9A9-D15E1F8677F7}.Debug|iPhone.ActiveCfg = Debug|Any CPU
		{CEFCF0D0-F7A0-491B-A9A9-D15E1F8677F7}.Debug|iPhone.Build.0 = Debug|Any CPU
		{6AA584CD-04FE-46F3-9533-97B179524F2E}.Debug|Any CPU.ActiveCfg = Debug|Any CPU
		{6AA584CD-04FE-46F3-9533-97B179524F2E}.Debug|Any CPU.Build.0 = Debug|Any CPU
		{6AA584CD-04FE-46F3-9533-97B179524F2E}.Release|Any CPU.ActiveCfg = Release|Any CPU
		{6AA584CD-04FE-46F3-9533-97B179524F2E}.Release|Any CPU.Build.0 = Release|Any CPU
		{6AA584CD-04FE-46F3-9533-97B179524F2E}.Debug|iPhoneSimulator.ActiveCfg = Debug|Any CPU
		{6AA584CD-04FE-46F3-9533-97B179524F2E}.Debug|iPhoneSimulator.Build.0 = Debug|Any CPU
		{6AA584CD-04FE-46F3-9533-97B179524F2E}.Release|iPhone.ActiveCfg = Release|Any CPU
		{6AA584CD-04FE-46F3-9533-97B179524F2E}.Release|iPhone.Build.0 = Release|Any CPU
		{6AA584CD-04FE-46F3-9533-97B179524F2E}.Release|iPhoneSimulator.ActiveCfg = Release|Any CPU
		{6AA584CD-04FE-46F3-9533-97B179524F2E}.Release|iPhoneSimulator.Build.0 = Release|Any CPU
		{6AA584CD-04FE-46F3-9533-97B179524F2E}.Debug|iPhone.ActiveCfg = Debug|Any CPU
		{6AA584CD-04FE-46F3-9533-97B179524F2E}.Debug|iPhone.Build.0 = Debug|Any CPU
		{4D6F7B75-2F43-4BEA-9AB5-B4E57F016DE1}.Debug|Any CPU.ActiveCfg = Debug|iPhoneSimulator
		{4D6F7B75-2F43-4BEA-9AB5-B4E57F016DE1}.Debug|Any CPU.Build.0 = Debug|iPhoneSimulator
		{4D6F7B75-2F43-4BEA-9AB5-B4E57F016DE1}.Release|Any CPU.ActiveCfg = Release|iPhone
		{4D6F7B75-2F43-4BEA-9AB5-B4E57F016DE1}.Release|Any CPU.Build.0 = Release|iPhone
		{4D6F7B75-2F43-4BEA-9AB5-B4E57F016DE1}.Debug|iPhoneSimulator.ActiveCfg = Debug|iPhoneSimulator
		{4D6F7B75-2F43-4BEA-9AB5-B4E57F016DE1}.Debug|iPhoneSimulator.Build.0 = Debug|iPhoneSimulator
		{4D6F7B75-2F43-4BEA-9AB5-B4E57F016DE1}.Release|iPhone.ActiveCfg = Release|iPhone
		{4D6F7B75-2F43-4BEA-9AB5-B4E57F016DE1}.Release|iPhone.Build.0 = Release|iPhone
		{4D6F7B75-2F43-4BEA-9AB5-B4E57F016DE1}.Release|iPhoneSimulator.ActiveCfg = Release|iPhoneSimulator
		{4D6F7B75-2F43-4BEA-9AB5-B4E57F016DE1}.Release|iPhoneSimulator.Build.0 = Release|iPhoneSimulator
		{4D6F7B75-2F43-4BEA-9AB5-B4E57F016DE1}.Debug|iPhone.ActiveCfg = Debug|iPhone
		{4D6F7B75-2F43-4BEA-9AB5-B4E57F016DE1}.Debug|iPhone.Build.0 = Debug|iPhone
	EndGlobalSection
EndGlobal
